
Microsoft Visual Studio Solution File, Format Version 11.00
# Visual Studio 2010
Project("{FAE04EC0-301F-11D3-BF4B-00C04F79EFBC}") = "VuforiaScripts", "VuforiaScripts.csproj", "{269D78B9-ADC8-96EE-5B9E-163E87F89E2B}"
EndProject
Project("{FAE04EC0-301F-11D3-BF4B-00C04F79EFBC}") = "Assembly-CSharp", "Assembly-CSharp.csproj", "{3CD3DF6D-1218-18AE-AC09-880E7FAAC886}"
EndProject
Project("{FAE04EC0-301F-11D3-BF4B-00C04F79EFBC}") = "VuforiaEditorScripts", "VuforiaEditorScripts.csproj", "{DEC8AC7F-2AC5-B7B3-51AF-0E83F32B63EB}"
EndProject
Global
	GlobalSection(SolutionConfigurationPlatforms) = preSolution
		Debug|Any CPU = Debug|Any CPU
		Release|Any CPU = Release|Any CPU
	EndGlobalSection
	GlobalSection(ProjectConfigurationPlatforms) = postSolution
		{269D78B9-ADC8-96EE-5B9E-163E87F89E2B}.Debug|Any CPU.ActiveCfg = Debug|Any CPU
		{269D78B9-ADC8-96EE-5B9E-163E87F89E2B}.Debug|Any CPU.Build.0 = Debug|Any CPU
		{269D78B9-ADC8-96EE-5B9E-163E87F89E2B}.Release|Any CPU.ActiveCfg = Release|Any CPU
		{269D78B9-ADC8-96EE-5B9E-163E87F89E2B}.Release|Any CPU.Build.0 = Release|Any CPU
		{3CD3DF6D-1218-18AE-AC09-880E7FAAC886}.Debug|Any CPU.ActiveCfg = Debug|Any CPU
		{3CD3DF6D-1218-18AE-AC09-880E7FAAC886}.Debug|Any CPU.Build.0 = Debug|Any CPU
		{3CD3DF6D-1218-18AE-AC09-880E7FAAC886}.Release|Any CPU.ActiveCfg = Release|Any CPU
		{3CD3DF6D-1218-18AE-AC09-880E7FAAC886}.Release|Any CPU.Build.0 = Release|Any CPU
		{DEC8AC7F-2AC5-B7B3-51AF-0E83F32B63EB}.Debug|Any CPU.ActiveCfg = Debug|Any CPU
		{DEC8AC7F-2AC5-B7B3-51AF-0E83F32B63EB}.Debug|Any CPU.Build.0 = Debug|Any CPU
		{DEC8AC7F-2AC5-B7B3-51AF-0E83F32B63EB}.Release|Any CPU.ActiveCfg = Release|Any CPU
		{DEC8AC7F-2AC5-B7B3-51AF-0E83F32B63EB}.Release|Any CPU.Build.0 = Release|Any CPU
	EndGlobalSection
	GlobalSection(SolutionProperties) = preSolution
		HideSolutionNode = FALSE
	EndGlobalSection
	GlobalSection(MonoDevelopProperties) = preSolution
		StartupItem = Assembly-CSharp.csproj
	EndGlobalSection
EndGlobal
