
Microsoft Visual Studio Solution File, Format Version 11.00
# Visual Studio 2010
Project("{FAE04EC0-301F-11D3-BF4B-00C04F79EFBC}") = "VuforiaScripts", "VuforiaScripts.csproj", "{3B85D2AD-316D-43B6-9406-14487B07000D}"
EndProject
Project("{FAE04EC0-301F-11D3-BF4B-00C04F79EFBC}") = "Assembly-CSharp", "Assembly-CSharp.csproj", "{B2CCD2BE-F75E-7CD1-B44E-D7058354284B}"
EndProject
Project("{FAE04EC0-301F-11D3-BF4B-00C04F79EFBC}") = "VuforiaEditorScripts", "VuforiaEditorScripts.csproj", "{FDE6C7ED-45FA-B65E-5E38-7B832051B6B6}"
EndProject
Global
	GlobalSection(SolutionConfigurationPlatforms) = preSolution
		Debug|Any CPU = Debug|Any CPU
		Release|Any CPU = Release|Any CPU
	EndGlobalSection
	GlobalSection(ProjectConfigurationPlatforms) = postSolution
		{3B85D2AD-316D-43B6-9406-14487B07000D}.Debug|Any CPU.ActiveCfg = Debug|Any CPU
		{3B85D2AD-316D-43B6-9406-14487B07000D}.Debug|Any CPU.Build.0 = Debug|Any CPU
		{3B85D2AD-316D-43B6-9406-14487B07000D}.Release|Any CPU.ActiveCfg = Release|Any CPU
		{3B85D2AD-316D-43B6-9406-14487B07000D}.Release|Any CPU.Build.0 = Release|Any CPU
		{B2CCD2BE-F75E-7CD1-B44E-D7058354284B}.Debug|Any CPU.ActiveCfg = Debug|Any CPU
		{B2CCD2BE-F75E-7CD1-B44E-D7058354284B}.Debug|Any CPU.Build.0 = Debug|Any CPU
		{B2CCD2BE-F75E-7CD1-B44E-D7058354284B}.Release|Any CPU.ActiveCfg = Release|Any CPU
		{B2CCD2BE-F75E-7CD1-B44E-D7058354284B}.Release|Any CPU.Build.0 = Release|Any CPU
		{FDE6C7ED-45FA-B65E-5E38-7B832051B6B6}.Debug|Any CPU.ActiveCfg = Debug|Any CPU
		{FDE6C7ED-45FA-B65E-5E38-7B832051B6B6}.Debug|Any CPU.Build.0 = Debug|Any CPU
		{FDE6C7ED-45FA-B65E-5E38-7B832051B6B6}.Release|Any CPU.ActiveCfg = Release|Any CPU
		{FDE6C7ED-45FA-B65E-5E38-7B832051B6B6}.Release|Any CPU.Build.0 = Release|Any CPU
	EndGlobalSection
	GlobalSection(SolutionProperties) = preSolution
		HideSolutionNode = FALSE
	EndGlobalSection
	GlobalSection(MonoDevelopProperties) = preSolution
		StartupItem = Assembly-CSharp.csproj
	EndGlobalSection
EndGlobal
