
Microsoft Visual Studio Solution File, Format Version 11.00
# Visual Studio 2010
Project("{FAE04EC0-301F-11D3-BF4B-00C04F79EFBC}") = "VuforiaScripts", "VuforiaScripts.csproj", "{B8456001-4A5E-96BB-FA7C-4E6AB4C8D26F}"
EndProject
Project("{FAE04EC0-301F-11D3-BF4B-00C04F79EFBC}") = "Assembly-CSharp", "Assembly-CSharp.csproj", "{A578FE82-6135-E0EF-9256-25A9C53FF7FB}"
EndProject
Project("{FAE04EC0-301F-11D3-BF4B-00C04F79EFBC}") = "VuforiaEditorScripts", "VuforiaEditorScripts.csproj", "{535F30A5-8BD0-F80D-560B-AA1E0EDD38E1}"
EndProject
Global
	GlobalSection(SolutionConfigurationPlatforms) = preSolution
		Debug|Any CPU = Debug|Any CPU
		Release|Any CPU = Release|Any CPU
	EndGlobalSection
	GlobalSection(ProjectConfigurationPlatforms) = postSolution
		{B8456001-4A5E-96BB-FA7C-4E6AB4C8D26F}.Debug|Any CPU.ActiveCfg = Debug|Any CPU
		{B8456001-4A5E-96BB-FA7C-4E6AB4C8D26F}.Debug|Any CPU.Build.0 = Debug|Any CPU
		{B8456001-4A5E-96BB-FA7C-4E6AB4C8D26F}.Release|Any CPU.ActiveCfg = Release|Any CPU
		{B8456001-4A5E-96BB-FA7C-4E6AB4C8D26F}.Release|Any CPU.Build.0 = Release|Any CPU
		{A578FE82-6135-E0EF-9256-25A9C53FF7FB}.Debug|Any CPU.ActiveCfg = Debug|Any CPU
		{A578FE82-6135-E0EF-9256-25A9C53FF7FB}.Debug|Any CPU.Build.0 = Debug|Any CPU
		{A578FE82-6135-E0EF-9256-25A9C53FF7FB}.Release|Any CPU.ActiveCfg = Release|Any CPU
		{A578FE82-6135-E0EF-9256-25A9C53FF7FB}.Release|Any CPU.Build.0 = Release|Any CPU
		{535F30A5-8BD0-F80D-560B-AA1E0EDD38E1}.Debug|Any CPU.ActiveCfg = Debug|Any CPU
		{535F30A5-8BD0-F80D-560B-AA1E0EDD38E1}.Debug|Any CPU.Build.0 = Debug|Any CPU
		{535F30A5-8BD0-F80D-560B-AA1E0EDD38E1}.Release|Any CPU.ActiveCfg = Release|Any CPU
		{535F30A5-8BD0-F80D-560B-AA1E0EDD38E1}.Release|Any CPU.Build.0 = Release|Any CPU
	EndGlobalSection
	GlobalSection(SolutionProperties) = preSolution
		HideSolutionNode = FALSE
	EndGlobalSection
	GlobalSection(MonoDevelopProperties) = preSolution
		StartupItem = Assembly-CSharp.csproj
	EndGlobalSection
EndGlobal
